
Microsoft Visual Studio Solution File, Format Version 12.00
# Visual Studio 15
VisualStudioVersion = 15.0.27130.2020
MinimumVisualStudioVersion = 10.0.40219.1
Project("{FAE04EC0-301F-11D3-BF4B-00C04F79EFBC}") = "OwnFar", "OwnFar\OwnFar.csproj", "{62327F1D-F482-46A9-8DD9-335A85568F7D}"
EndProject
Global
	GlobalSection(SolutionConfigurationPlatforms) = preSolution
		Debug|Any CPU = Debug|Any CPU
		Release|Any CPU = Release|Any CPU
	EndGlobalSection
	GlobalSection(ProjectConfigurationPlatforms) = postSolution
		{62327F1D-F482-46A9-8DD9-335A85568F7D}.Debug|Any CPU.ActiveCfg = Debug|Any CPU
		{62327F1D-F482-46A9-8DD9-335A85568F7D}.Debug|Any CPU.Build.0 = Debug|Any CPU
		{62327F1D-F482-46A9-8DD9-335A85568F7D}.Release|Any CPU.ActiveCfg = Release|Any CPU
		{62327F1D-F482-46A9-8DD9-335A85568F7D}.Release|Any CPU.Build.0 = Release|Any CPU
	EndGlobalSection
	GlobalSection(SolutionProperties) = preSolution
		HideSolutionNode = FALSE
	EndGlobalSection
	GlobalSection(ExtensibilityGlobals) = postSolution
		SolutionGuid = {1BBAF93D-2ADD-49F2-9B38-50514F624244}
	EndGlobalSection
EndGlobal
