
Microsoft Visual Studio Solution File, Format Version 12.00
# Visual Studio 15
VisualStudioVersion = 15.0.27130.2020
MinimumVisualStudioVersion = 10.0.40219.1
Project("{FAE04EC0-301F-11D3-BF4B-00C04F79EFBC}") = "Game", "Game\Game.csproj", "{C1C8D04B-EF90-4028-9498-9F32DC086276}"
EndProject
Global
	GlobalSection(SolutionConfigurationPlatforms) = preSolution
		Debug|Any CPU = Debug|Any CPU
		Release|Any CPU = Release|Any CPU
	EndGlobalSection
	GlobalSection(ProjectConfigurationPlatforms) = postSolution
		{C1C8D04B-EF90-4028-9498-9F32DC086276}.Debug|Any CPU.ActiveCfg = Debug|Any CPU
		{C1C8D04B-EF90-4028-9498-9F32DC086276}.Debug|Any CPU.Build.0 = Debug|Any CPU
		{C1C8D04B-EF90-4028-9498-9F32DC086276}.Release|Any CPU.ActiveCfg = Release|Any CPU
		{C1C8D04B-EF90-4028-9498-9F32DC086276}.Release|Any CPU.Build.0 = Release|Any CPU
	EndGlobalSection
	GlobalSection(SolutionProperties) = preSolution
		HideSolutionNode = FALSE
	EndGlobalSection
	GlobalSection(ExtensibilityGlobals) = postSolution
		SolutionGuid = {D80C3301-3F87-4A2E-A320-A5BD2DED2A5F}
	EndGlobalSection
EndGlobal
