
Microsoft Visual Studio Solution File, Format Version 12.00
# Visual Studio 15
VisualStudioVersion = 15.0.27130.2020
MinimumVisualStudioVersion = 10.0.40219.1
Project("{FAE04EC0-301F-11D3-BF4B-00C04F79EFBC}") = "HW2", "HW2\HW2.csproj", "{6FFC9536-85B8-465C-9F83-724F6A5533F0}"
EndProject
Global
	GlobalSection(SolutionConfigurationPlatforms) = preSolution
		Debug|Any CPU = Debug|Any CPU
		Release|Any CPU = Release|Any CPU
	EndGlobalSection
	GlobalSection(ProjectConfigurationPlatforms) = postSolution
		{6FFC9536-85B8-465C-9F83-724F6A5533F0}.Debug|Any CPU.ActiveCfg = Debug|Any CPU
		{6FFC9536-85B8-465C-9F83-724F6A5533F0}.Debug|Any CPU.Build.0 = Debug|Any CPU
		{6FFC9536-85B8-465C-9F83-724F6A5533F0}.Release|Any CPU.ActiveCfg = Release|Any CPU
		{6FFC9536-85B8-465C-9F83-724F6A5533F0}.Release|Any CPU.Build.0 = Release|Any CPU
	EndGlobalSection
	GlobalSection(SolutionProperties) = preSolution
		HideSolutionNode = FALSE
	EndGlobalSection
	GlobalSection(ExtensibilityGlobals) = postSolution
		SolutionGuid = {8AEB7440-08E9-43BA-BD1D-47D3B3EE82E6}
	EndGlobalSection
EndGlobal
