
Microsoft Visual Studio Solution File, Format Version 12.00
# Visual Studio 15
VisualStudioVersion = 15.0.27130.2020
MinimumVisualStudioVersion = 10.0.40219.1
Project("{FAE04EC0-301F-11D3-BF4B-00C04F79EFBC}") = "Key", "Key\Key.csproj", "{4DB6F90A-A495-4D10-8F15-09230177F73C}"
EndProject
Global
	GlobalSection(SolutionConfigurationPlatforms) = preSolution
		Debug|Any CPU = Debug|Any CPU
		Release|Any CPU = Release|Any CPU
	EndGlobalSection
	GlobalSection(ProjectConfigurationPlatforms) = postSolution
		{4DB6F90A-A495-4D10-8F15-09230177F73C}.Debug|Any CPU.ActiveCfg = Debug|Any CPU
		{4DB6F90A-A495-4D10-8F15-09230177F73C}.Debug|Any CPU.Build.0 = Debug|Any CPU
		{4DB6F90A-A495-4D10-8F15-09230177F73C}.Release|Any CPU.ActiveCfg = Release|Any CPU
		{4DB6F90A-A495-4D10-8F15-09230177F73C}.Release|Any CPU.Build.0 = Release|Any CPU
	EndGlobalSection
	GlobalSection(SolutionProperties) = preSolution
		HideSolutionNode = FALSE
	EndGlobalSection
	GlobalSection(ExtensibilityGlobals) = postSolution
		SolutionGuid = {C8FA686C-6EF1-4835-AA60-0874E7C03A09}
	EndGlobalSection
EndGlobal
